// !$*UTF8*$!
{
	archiveVersion = 1;
	classes = {
	};
	objectVersion = 46;
	objects = {

/* Begin PBXBuildFile section */
		23013B801F913C3900FCF4BC /* AppDelegate.swift in Sources */ = {isa = PBXBuildFile; fileRef = 23013B7F1F913C3900FCF4BC /* AppDelegate.swift */; };
		23013B821F913C3900FCF4BC /* ViewController.swift in Sources */ = {isa = PBXBuildFile; fileRef = 23013B811F913C3900FCF4BC /* ViewController.swift */; };
		23013B851F913C3900FCF4BC /* Main.storyboard in Resources */ = {isa = PBXBuildFile; fileRef = 23013B831F913C3900FCF4BC /* Main.storyboard */; };
		23013B871F913C3900FCF4BC /* Assets.xcassets in Resources */ = {isa = PBXBuildFile; fileRef = 23013B861F913C3900FCF4BC /* Assets.xcassets */; };
		23013B8A1F913C3900FCF4BC /* LaunchScreen.storyboard in Resources */ = {isa = PBXBuildFile; fileRef = 23013B881F913C3900FCF4BC /* LaunchScreen.storyboard */; };
		23013B951F913C3900FCF4BC /* app_UTVRTests.swift in Sources */ = {isa = PBXBuildFile; fileRef = 23013B941F913C3900FCF4BC /* app_UTVRTests.swift */; };
		23013BA01F913C3900FCF4BC /* app_UTVRUITests.swift in Sources */ = {isa = PBXBuildFile; fileRef = 23013B9F1F913C3900FCF4BC /* app_UTVRUITests.swift */; };
/* End PBXBuildFile section */

/* Begin PBXContainerItemProxy section */
		23013B911F913C3900FCF4BC /* PBXContainerItemProxy */ = {
			isa = PBXContainerItemProxy;
			containerPortal = 23013B741F913C3900FCF4BC /* Project object */;
			proxyType = 1;
			remoteGlobalIDString = 23013B7B1F913C3900FCF4BC;
			remoteInfo = app_UTVR;
		};
		23013B9C1F913C3900FCF4BC /* PBXContainerItemProxy */ = {
			isa = PBXContainerItemProxy;
			containerPortal = 23013B741F913C3900FCF4BC /* Project object */;
			proxyType = 1;
			remoteGlobalIDString = 23013B7B1F913C3900FCF4BC;
			remoteInfo = app_UTVR;
		};
/* End PBXContainerItemProxy section */

/* Begin PBXFileReference section */
		23013B7C1F913C3900FCF4BC /* app_UTVR.app */ = {isa = PBXFileReference; explicitFileType = wrapper.application; includeInIndex = 0; path = app_UTVR.app; sourceTree = BUILT_PRODUCTS_DIR; };
		23013B7F1F913C3900FCF4BC /* AppDelegate.swift */ = {isa = PBXFileReference; lastKnownFileType = sourcecode.swift; path = AppDelegate.swift; sourceTree = "<group>"; };
		23013B811F913C3900FCF4BC /* ViewController.swift */ = {isa = PBXFileReference; lastKnownFileType = sourcecode.swift; path = ViewController.swift; sourceTree = "<group>"; };
		23013B841F913C3900FCF4BC /* Base */ = {isa = PBXFileReference; lastKnownFileType = file.storyboard; name = Base; path = Base.lproj/Main.storyboard; sourceTree = "<group>"; };
		23013B861F913C3900FCF4BC /* Assets.xcassets */ = {isa = PBXFileReference; lastKnownFileType = folder.assetcatalog; path = Assets.xcassets; sourceTree = "<group>"; };
		23013B891F913C3900FCF4BC /* Base */ = {isa = PBXFileReference; lastKnownFileType = file.storyboard; name = Base; path = Base.lproj/LaunchScreen.storyboard; sourceTree = "<group>"; };
		23013B8B1F913C3900FCF4BC /* Info.plist */ = {isa = PBXFileReference; lastKnownFileType = text.plist.xml; path = Info.plist; sourceTree = "<group>"; };
		23013B901F913C3900FCF4BC /* app_UTVRTests.xctest */ = {isa = PBXFileReference; explicitFileType = wrapper.cfbundle; includeInIndex = 0; path = app_UTVRTests.xctest; sourceTree = BUILT_PRODUCTS_DIR; };
		23013B941F913C3900FCF4BC /* app_UTVRTests.swift */ = {isa = PBXFileReference; lastKnownFileType = sourcecode.swift; path = app_UTVRTests.swift; sourceTree = "<group>"; };
		23013B961F913C3900FCF4BC /* Info.plist */ = {isa = PBXFileReference; lastKnownFileType = text.plist.xml; path = Info.plist; sourceTree = "<group>"; };
		23013B9B1F913C3900FCF4BC /* app_UTVRUITests.xctest */ = {isa = PBXFileReference; explicitFileType = wrapper.cfbundle; includeInIndex = 0; path = app_UTVRUITests.xctest; sourceTree = BUILT_PRODUCTS_DIR; };
		23013B9F1F913C3900FCF4BC /* app_UTVRUITests.swift */ = {isa = PBXFileReference; lastKnownFileType = sourcecode.swift; path = app_UTVRUITests.swift; sourceTree = "<group>"; };
		23013BA11F913C3900FCF4BC /* Info.plist */ = {isa = PBXFileReference; lastKnownFileType = text.plist.xml; path = Info.plist; sourceTree = "<group>"; };
/* End PBXFileReference section */

/* Begin PBXFrameworksBuildPhase section */
		23013B791F913C3900FCF4BC /* Frameworks */ = {
			isa = PBXFrameworksBuildPhase;
			buildActionMask = 2147483647;
			files = (
			);
			runOnlyForDeploymentPostprocessing = 0;
		};
		23013B8D1F913C3900FCF4BC /* Frameworks */ = {
			isa = PBXFrameworksBuildPhase;
			buildActionMask = 2147483647;
			files = (
			);
			runOnlyForDeploymentPostprocessing = 0;
		};
		23013B981F913C3900FCF4BC /* Frameworks */ = {
			isa = PBXFrameworksBuildPhase;
			buildActionMask = 2147483647;
			files = (
			);
			runOnlyForDeploymentPostprocessing = 0;
		};
/* End PBXFrameworksBuildPhase section */

/* Begin PBXGroup section */
		23013B731F913C3900FCF4BC = {
			isa = PBXGroup;
			children = (
				23013B7E1F913C3900FCF4BC /* app_UTVR */,
				23013B931F913C3900FCF4BC /* app_UTVRTests */,
				23013B9E1F913C3900FCF4BC /* app_UTVRUITests */,
				23013B7D1F913C3900FCF4BC /* Products */,
			);
			sourceTree = "<group>";
		};
		23013B7D1F913C3900FCF4BC /* Products */ = {
			isa = PBXGroup;
			children = (
				23013B7C1F913C3900FCF4BC /* app_UTVR.app */,
				23013B901F913C3900FCF4BC /* app_UTVRTests.xctest */,
				23013B9B1F913C3900FCF4BC /* app_UTVRUITests.xctest */,
			);
			name = Products;
			sourceTree = "<group>";
		};
		23013B7E1F913C3900FCF4BC /* app_UTVR */ = {
			isa = PBXGroup;
			children = (
				23013B7F1F913C3900FCF4BC /* AppDelegate.swift */,
				23013B811F913C3900FCF4BC /* ViewController.swift */,
				23013B831F913C3900FCF4BC /* Main.storyboard */,
				23013B861F913C3900FCF4BC /* Assets.xcassets */,
				23013B881F913C3900FCF4BC /* LaunchScreen.storyboard */,
				23013B8B1F913C3900FCF4BC /* Info.plist */,
			);
			path = app_UTVR;
			sourceTree = "<group>";
		};
		23013B931F913C3900FCF4BC /* app_UTVRTests */ = {
			isa = PBXGroup;
			children = (
				23013B941F913C3900FCF4BC /* app_UTVRTests.swift */,
				23013B961F913C3900FCF4BC /* Info.plist */,
			);
			path = app_UTVRTests;
			sourceTree = "<group>";
		};
		23013B9E1F913C3900FCF4BC /* app_UTVRUITests */ = {
			isa = PBXGroup;
			children = (
				23013B9F1F913C3900FCF4BC /* app_UTVRUITests.swift */,
				23013BA11F913C3900FCF4BC /* Info.plist */,
			);
			path = app_UTVRUITests;
			sourceTree = "<group>";
		};
/* End PBXGroup section */

/* Begin PBXNativeTarget section */
		23013B7B1F913C3900FCF4BC /* app_UTVR */ = {
			isa = PBXNativeTarget;
			buildConfigurationList = 23013BA41F913C3900FCF4BC /* Build configuration list for PBXNativeTarget "app_UTVR" */;
			buildPhases = (
				23013B781F913C3900FCF4BC /* Sources */,
				23013B791F913C3900FCF4BC /* Frameworks */,
				23013B7A1F913C3900FCF4BC /* Resources */,
			);
			buildRules = (
			);
			dependencies = (
			);
			name = app_UTVR;
			productName = app_UTVR;
			productReference = 23013B7C1F913C3900FCF4BC /* app_UTVR.app */;
			productType = "com.apple.product-type.application";
		};
		23013B8F1F913C3900FCF4BC /* app_UTVRTests */ = {
			isa = PBXNativeTarget;
			buildConfigurationList = 23013BA71F913C3900FCF4BC /* Build configuration list for PBXNativeTarget "app_UTVRTests" */;
			buildPhases = (
				23013B8C1F913C3900FCF4BC /* Sources */,
				23013B8D1F913C3900FCF4BC /* Frameworks */,
				23013B8E1F913C3900FCF4BC /* Resources */,
			);
			buildRules = (
			);
			dependencies = (
				23013B921F913C3900FCF4BC /* PBXTargetDependency */,
			);
			name = app_UTVRTests;
			productName = app_UTVRTests;
			productReference = 23013B901F913C3900FCF4BC /* app_UTVRTests.xctest */;
			productType = "com.apple.product-type.bundle.unit-test";
		};
		23013B9A1F913C3900FCF4BC /* app_UTVRUITests */ = {
			isa = PBXNativeTarget;
			buildConfigurationList = 23013BAA1F913C3900FCF4BC /* Build configuration list for PBXNativeTarget "app_UTVRUITests" */;
			buildPhases = (
				23013B971F913C3900FCF4BC /* Sources */,
				23013B981F913C3900FCF4BC /* Frameworks */,
				23013B991F913C3900FCF4BC /* Resources */,
			);
			buildRules = (
			);
			dependencies = (
				23013B9D1F913C3900FCF4BC /* PBXTargetDependency */,
			);
			name = app_UTVRUITests;
			productName = app_UTVRUITests;
			productReference = 23013B9B1F913C3900FCF4BC /* app_UTVRUITests.xctest */;
			productType = "com.apple.product-type.bundle.ui-testing";
		};
/* End PBXNativeTarget section */

/* Begin PBXProject section */
		23013B741F913C3900FCF4BC /* Project object */ = {
			isa = PBXProject;
			attributes = {
				LastSwiftUpdateCheck = 0830;
				LastUpgradeCheck = 0830;
				ORGANIZATIONNAME = UTVR;
				TargetAttributes = {
					23013B7B1F913C3900FCF4BC = {
						CreatedOnToolsVersion = 8.3.3;
						DevelopmentTeam = DD769ABTS7;
						ProvisioningStyle = Automatic;
					};
					23013B8F1F913C3900FCF4BC = {
						CreatedOnToolsVersion = 8.3.3;
						DevelopmentTeam = DD769ABTS7;
						ProvisioningStyle = Automatic;
						TestTargetID = 23013B7B1F913C3900FCF4BC;
					};
					23013B9A1F913C3900FCF4BC = {
						CreatedOnToolsVersion = 8.3.3;
						DevelopmentTeam = DD769ABTS7;
						ProvisioningStyle = Automatic;
						TestTargetID = 23013B7B1F913C3900FCF4BC;
					};
				};
			};
			buildConfigurationList = 23013B771F913C3900FCF4BC /* Build configuration list for PBXProject "app_UTVR" */;
			compatibilityVersion = "Xcode 3.2";
			developmentRegion = English;
			hasScannedForEncodings = 0;
			knownRegions = (
				en,
				Base,
			);
			mainGroup = 23013B731F913C3900FCF4BC;
			productRefGroup = 23013B7D1F913C3900FCF4BC /* Products */;
			projectDirPath = "";
			projectRoot = "";
			targets = (
				23013B7B1F913C3900FCF4BC /* app_UTVR */,
				23013B8F1F913C3900FCF4BC /* app_UTVRTests */,
				23013B9A1F913C3900FCF4BC /* app_UTVRUITests */,
			);
		};
/* End PBXProject section */

/* Begin PBXResourcesBuildPhase section */
		23013B7A1F913C3900FCF4BC /* Resources */ = {
			isa = PBXResourcesBuildPhase;
			buildActionMask = 2147483647;
			files = (
				23013B8A1F913C3900FCF4BC /* LaunchScreen.storyboard in Resources */,
				23013B871F913C3900FCF4BC /* Assets.xcassets in Resources */,
				23013B851F913C3900FCF4BC /* Main.storyboard in Resources */,
			);
			runOnlyForDeploymentPostprocessing = 0;
		};
		23013B8E1F913C3900FCF4BC /* Resources */ = {
			isa = PBXResourcesBuildPhase;
			buildActionMask = 2147483647;
			files = (
			);
			runOnlyForDeploymentPostprocessing = 0;
		};
		23013B991F913C3900FCF4BC /* Resources */ = {
			isa = PBXResourcesBuildPhase;
			buildActionMask = 2147483647;
			files = (
			);
			runOnlyForDeploymentPostprocessing = 0;
		};
/* End PBXResourcesBuildPhase section */

/* Begin PBXSourcesBuildPhase section */
		23013B781F913C3900FCF4BC /* Sources */ = {
			isa = PBXSourcesBuildPhase;
			buildActionMask = 2147483647;
			files = (
				23013B821F913C3900FCF4BC /* ViewController.swift in Sources */,
				23013B801F913C3900FCF4BC /* AppDelegate.swift in Sources */,
			);
			runOnlyForDeploymentPostprocessing = 0;
		};
		23013B8C1F913C3900FCF4BC /* Sources */ = {
			isa = PBXSourcesBuildPhase;
			buildActionMask = 2147483647;
			files = (
				23013B951F913C3900FCF4BC /* app_UTVRTests.swift in Sources */,
			);
			runOnlyForDeploymentPostprocessing = 0;
		};
		23013B971F913C3900FCF4BC /* Sources */ = {
			isa = PBXSourcesBuildPhase;
			buildActionMask = 2147483647;
			files = (
				23013BA01F913C3900FCF4BC /* app_UTVRUITests.swift in Sources */,
			);
			runOnlyForDeploymentPostprocessing = 0;
		};
/* End PBXSourcesBuildPhase section */

/* Begin PBXTargetDependency section */
		23013B921F913C3900FCF4BC /* PBXTargetDependency */ = {
			isa = PBXTargetDependency;
			target = 23013B7B1F913C3900FCF4BC /* app_UTVR */;
			targetProxy = 23013B911F913C3900FCF4BC /* PBXContainerItemProxy */;
		};
		23013B9D1F913C3900FCF4BC /* PBXTargetDependency */ = {
			isa = PBXTargetDependency;
			target = 23013B7B1F913C3900FCF4BC /* app_UTVR */;
			targetProxy = 23013B9C1F913C3900FCF4BC /* PBXContainerItemProxy */;
		};
/* End PBXTargetDependency section */

/* Begin PBXVariantGroup section */
		23013B831F913C3900FCF4BC /* Main.storyboard */ = {
			isa = PBXVariantGroup;
			children = (
				23013B841F913C3900FCF4BC /* Base */,
			);
			name = Main.storyboard;
			sourceTree = "<group>";
		};
		23013B881F913C3900FCF4BC /* LaunchScreen.storyboard */ = {
			isa = PBXVariantGroup;
			children = (
				23013B891F913C3900FCF4BC /* Base */,
			);
			name = LaunchScreen.storyboard;
			sourceTree = "<group>";
		};
/* End PBXVariantGroup section */

/* Begin XCBuildConfiguration section */
		23013BA21F913C3900FCF4BC /* Debug */ = {
			isa = XCBuildConfiguration;
			buildSettings = {
				ALWAYS_SEARCH_USER_PATHS = NO;
				CLANG_ANALYZER_NONNULL = YES;
				CLANG_ANALYZER_NUMBER_OBJECT_CONVERSION = YES_AGGRESSIVE;
				CLANG_CXX_LANGUAGE_STANDARD = "gnu++0x";
				CLANG_CXX_LIBRARY = "libc++";
				CLANG_ENABLE_MODULES = YES;
				CLANG_ENABLE_OBJC_ARC = YES;
				CLANG_WARN_BOOL_CONVERSION = YES;
				CLANG_WARN_CONSTANT_CONVERSION = YES;
				CLANG_WARN_DIRECT_OBJC_ISA_USAGE = YES_ERROR;
				CLANG_WARN_DOCUMENTATION_COMMENTS = YES;
				CLANG_WARN_EMPTY_BODY = YES;
				CLANG_WARN_ENUM_CONVERSION = YES;
				CLANG_WARN_INFINITE_RECURSION = YES;
				CLANG_WARN_INT_CONVERSION = YES;
				CLANG_WARN_OBJC_ROOT_CLASS = YES_ERROR;
				CLANG_WARN_SUSPICIOUS_MOVE = YES;
				CLANG_WARN_UNREACHABLE_CODE = YES;
				CLANG_WARN__DUPLICATE_METHOD_MATCH = YES;
				"CODE_SIGN_IDENTITY[sdk=iphoneos*]" = "iPhone Developer";
				COPY_PHASE_STRIP = NO;
				DEBUG_INFORMATION_FORMAT = dwarf;
				ENABLE_STRICT_OBJC_MSGSEND = YES;
				ENABLE_TESTABILITY = YES;
				GCC_C_LANGUAGE_STANDARD = gnu99;
				GCC_DYNAMIC_NO_PIC = NO;
				GCC_NO_COMMON_BLOCKS = YES;
				GCC_OPTIMIZATION_LEVEL = 0;
				GCC_PREPROCESSOR_DEFINITIONS = (
					"DEBUG=1",
					"$(inherited)",
				);
				GCC_WARN_64_TO_32_BIT_CONVERSION = YES;
				GCC_WARN_ABOUT_RETURN_TYPE = YES_ERROR;
				GCC_WARN_UNDECLARED_SELECTOR = YES;
				GCC_WARN_UNINITIALIZED_AUTOS = YES_AGGRESSIVE;
				GCC_WARN_UNUSED_FUNCTION = YES;
				GCC_WARN_UNUSED_VARIABLE = YES;
				IPHONEOS_DEPLOYMENT_TARGET = 10.3;
				MTL_ENABLE_DEBUG_INFO = YES;
				ONLY_ACTIVE_ARCH = YES;
				SDKROOT = iphoneos;
				SWIFT_ACTIVE_COMPILATION_CONDITIONS = DEBUG;
				SWIFT_OPTIMIZATION_LEVEL = "-Onone";
				TARGETED_DEVICE_FAMILY = "1,2";
			};
			name = Debug;
		};
		23013BA31F913C3900FCF4BC /* Release */ = {
			isa = XCBuildConfiguration;
			buildSettings = {
				ALWAYS_SEARCH_USER_PATHS = NO;
				CLANG_ANALYZER_NONNULL = YES;
				CLANG_ANALYZER_NUMBER_OBJECT_CONVERSION = YES_AGGRESSIVE;
				CLANG_CXX_LANGUAGE_STANDARD = "gnu++0x";
				CLANG_CXX_LIBRARY = "libc++";
				CLANG_ENABLE_MODULES = YES;
				CLANG_ENABLE_OBJC_ARC = YES;
				CLANG_WARN_BOOL_CONVERSION = YES;
				CLANG_WARN_CONSTANT_CONVERSION = YES;
				CLANG_WARN_DIRECT_OBJC_ISA_USAGE = YES_ERROR;
				CLANG_WARN_DOCUMENTATION_COMMENTS = YES;
				CLANG_WARN_EMPTY_BODY = YES;
				CLANG_WARN_ENUM_CONVERSION = YES;
				CLANG_WARN_INFINITE_RECURSION = YES;
				CLANG_WARN_INT_CONVERSION = YES;
				CLANG_WARN_OBJC_ROOT_CLASS = YES_ERROR;
				CLANG_WARN_SUSPICIOUS_MOVE = YES;
				CLANG_WARN_UNREACHABLE_CODE = YES;
				CLANG_WARN__DUPLICATE_METHOD_MATCH = YES;
				"CODE_SIGN_IDENTITY[sdk=iphoneos*]" = "iPhone Developer";
				COPY_PHASE_STRIP = NO;
				DEBUG_INFORMATION_FORMAT = "dwarf-with-dsym";
				ENABLE_NS_ASSERTIONS = NO;
				ENABLE_STRICT_OBJC_MSGSEND = YES;
				GCC_C_LANGUAGE_STANDARD = gnu99;
				GCC_NO_COMMON_BLOCKS = YES;
				GCC_WARN_64_TO_32_BIT_CONVERSION = YES;
				GCC_WARN_ABOUT_RETURN_TYPE = YES_ERROR;
				GCC_WARN_UNDECLARED_SELECTOR = YES;
				GCC_WARN_UNINITIALIZED_AUTOS = YES_AGGRESSIVE;
				GCC_WARN_UNUSED_FUNCTION = YES;
				GCC_WARN_UNUSED_VARIABLE = YES;
				IPHONEOS_DEPLOYMENT_TARGET = 10.3;
				MTL_ENABLE_DEBUG_INFO = NO;
				SDKROOT = iphoneos;
				SWIFT_OPTIMIZATION_LEVEL = "-Owholemodule";
				TARGETED_DEVICE_FAMILY = "1,2";
				VALIDATE_PRODUCT = YES;
			};
			name = Release;
		};
		23013BA51F913C3900FCF4BC /* Debug */ = {
			isa = XCBuildConfiguration;
			buildSettings = {
				ASSETCATALOG_COMPILER_APPICON_NAME = AppIcon;
				DEVELOPMENT_TEAM = DD769ABTS7;
				INFOPLIST_FILE = app_UTVR/Info.plist;
				LD_RUNPATH_SEARCH_PATHS = "$(inherited) @executable_path/Frameworks";
				PRODUCT_BUNDLE_IDENTIFIER = "Yang-Bo.app-UTVR";
				PRODUCT_NAME = "$(TARGET_NAME)";
				SWIFT_VERSION = 3.0;
			};
			name = Debug;
		};
		23013BA61F913C3900FCF4BC /* Release */ = {
			isa = XCBuildConfiguration;
			buildSettings = {
				ASSETCATALOG_COMPILER_APPICON_NAME = AppIcon;
				DEVELOPMENT_TEAM = DD769ABTS7;
				INFOPLIST_FILE = app_UTVR/Info.plist;
				LD_RUNPATH_SEARCH_PATHS = "$(inherited) @executable_path/Frameworks";
				PRODUCT_BUNDLE_IDENTIFIER = "Yang-Bo.app-UTVR";
				PRODUCT_NAME = "$(TARGET_NAME)";
				SWIFT_VERSION = 3.0;
			};
			name = Release;
		};
		23013BA81F913C3900FCF4BC /* Debug */ = {
			isa = XCBuildConfiguration;
			buildSettings = {
				ALWAYS_EMBED_SWIFT_STANDARD_LIBRARIES = YES;
				BUNDLE_LOADER = "$(TEST_HOST)";
				DEVELOPMENT_TEAM = DD769ABTS7;
				INFOPLIST_FILE = app_UTVRTests/Info.plist;
				LD_RUNPATH_SEARCH_PATHS = "$(inherited) @executable_path/Frameworks @loader_path/Frameworks";
				PRODUCT_BUNDLE_IDENTIFIER = "Yang-Bo.app-UTVRTests";
				PRODUCT_NAME = "$(TARGET_NAME)";
				SWIFT_VERSION = 3.0;
				TEST_HOST = "$(BUILT_PRODUCTS_DIR)/app_UTVR.app/app_UTVR";
			};
			name = Debug;
		};
		23013BA91F913C3900FCF4BC /* Release */ = {
			isa = XCBuildConfiguration;
			buildSettings = {
				ALWAYS_EMBED_SWIFT_STANDARD_LIBRARIES = YES;
				BUNDLE_LOADER = "$(TEST_HOST)";
				DEVELOPMENT_TEAM = DD769ABTS7;
				INFOPLIST_FILE = app_UTVRTests/Info.plist;
				LD_RUNPATH_SEARCH_PATHS = "$(inherited) @executable_path/Frameworks @loader_path/Frameworks";
				PRODUCT_BUNDLE_IDENTIFIER = "Yang-Bo.app-UTVRTests";
				PRODUCT_NAME = "$(TARGET_NAME)";
				SWIFT_VERSION = 3.0;
				TEST_HOST = "$(BUILT_PRODUCTS_DIR)/app_UTVR.app/app_UTVR";
			};
			name = Release;
		};
		23013BAB1F913C3900FCF4BC /* Debug */ = {
			isa = XCBuildConfiguration;
			buildSettings = {
				ALWAYS_EMBED_SWIFT_STANDARD_LIBRARIES = YES;
				DEVELOPMENT_TEAM = DD769ABTS7;
				INFOPLIST_FILE = app_UTVRUITests/Info.plist;
				LD_RUNPATH_SEARCH_PATHS = "$(inherited) @executable_path/Frameworks @loader_path/Frameworks";
				PRODUCT_BUNDLE_IDENTIFIER = "Yang-Bo.app-UTVRUITests";
				PRODUCT_NAME = "$(TARGET_NAME)";
				SWIFT_VERSION = 3.0;
				TEST_TARGET_NAME = app_UTVR;
			};
			name = Debug;
		};
		23013BAC1F913C3900FCF4BC /* Release */ = {
			isa = XCBuildConfiguration;
			buildSettings = {
				ALWAYS_EMBED_SWIFT_STANDARD_LIBRARIES = YES;
				DEVELOPMENT_TEAM = DD769ABTS7;
				INFOPLIST_FILE = app_UTVRUITests/Info.plist;
				LD_RUNPATH_SEARCH_PATHS = "$(inherited) @executable_path/Frameworks @loader_path/Frameworks";
				PRODUCT_BUNDLE_IDENTIFIER = "Yang-Bo.app-UTVRUITests";
				PRODUCT_NAME = "$(TARGET_NAME)";
				SWIFT_VERSION = 3.0;
				TEST_TARGET_NAME = app_UTVR;
			};
			name = Release;
		};
/* End XCBuildConfiguration section */

/* Begin XCConfigurationList section */
		23013B771F913C3900FCF4BC /* Build configuration list for PBXProject "app_UTVR" */ = {
			isa = XCConfigurationList;
			buildConfigurations = (
				23013BA21F913C3900FCF4BC /* Debug */,
				23013BA31F913C3900FCF4BC /* Release */,
			);
			defaultConfigurationIsVisible = 0;
			defaultConfigurationName = Release;
		};
		23013BA41F913C3900FCF4BC /* Build configuration list for PBXNativeTarget "app_UTVR" */ = {
			isa = XCConfigurationList;
			buildConfigurations = (
				23013BA51F913C3900FCF4BC /* Debug */,
				23013BA61F913C3900FCF4BC /* Release */,
			);
			defaultConfigurationIsVisible = 0;
		};
		23013BA71F913C3900FCF4BC /* Build configuration list for PBXNativeTarget "app_UTVRTests" */ = {
			isa = XCConfigurationList;
			buildConfigurations = (
				23013BA81F913C3900FCF4BC /* Debug */,
				23013BA91F913C3900FCF4BC /* Release */,
			);
			defaultConfigurationIsVisible = 0;
		};
		23013BAA1F913C3900FCF4BC /* Build configuration list for PBXNativeTarget "app_UTVRUITests" */ = {
			isa = XCConfigurationList;
			buildConfigurations = (
				23013BAB1F913C3900FCF4BC /* Debug */,
				23013BAC1F913C3900FCF4BC /* Release */,
			);
			defaultConfigurationIsVisible = 0;
		};
/* End XCConfigurationList section */
	};
	rootObject = 23013B741F913C3900FCF4BC /* Project object */;
}
